
Microsoft Visual Studio Solution File, Format Version 12.00
# Visual Studio 15
VisualStudioVersion = 15.0.28010.2026
MinimumVisualStudioVersion = 10.0.40219.1
Project("{FAE04EC0-301F-11D3-BF4B-00C04F79EFBC}") = "403_HWTwo", "403_HWTwo\403_HWTwo.csproj", "{65B5C84B-C633-4EB7-8394-FA2AF8F3F553}"
EndProject
Global
	GlobalSection(SolutionConfigurationPlatforms) = preSolution
		Debug|Any CPU = Debug|Any CPU
		Release|Any CPU = Release|Any CPU
	EndGlobalSection
	GlobalSection(ProjectConfigurationPlatforms) = postSolution
		{65B5C84B-C633-4EB7-8394-FA2AF8F3F553}.Debug|Any CPU.ActiveCfg = Debug|Any CPU
		{65B5C84B-C633-4EB7-8394-FA2AF8F3F553}.Debug|Any CPU.Build.0 = Debug|Any CPU
		{65B5C84B-C633-4EB7-8394-FA2AF8F3F553}.Release|Any CPU.ActiveCfg = Release|Any CPU
		{65B5C84B-C633-4EB7-8394-FA2AF8F3F553}.Release|Any CPU.Build.0 = Release|Any CPU
	EndGlobalSection
	GlobalSection(SolutionProperties) = preSolution
		HideSolutionNode = FALSE
	EndGlobalSection
	GlobalSection(ExtensibilityGlobals) = postSolution
		SolutionGuid = {D35D8AD7-A749-4372-9C25-2BA823B2C0C0}
	EndGlobalSection
EndGlobal
